
Microsoft Visual Studio Solution File, Format Version 12.00
# Visual Studio 15
Project("{FAE04EC0-301F-11D3-BF4B-00C04F79EFBC}") = "sharp0", "sharp0\sharp0.csproj", "{BEA13121-11C1-4502-90E5-0926176706DD}"
EndProject
Global
	GlobalSection(SolutionConfigurationPlatforms) = preSolution
		Debug|Any CPU = Debug|Any CPU
		Release|Any CPU = Release|Any CPU
	EndGlobalSection
	GlobalSection(ProjectConfigurationPlatforms) = postSolution
		{BEA13121-11C1-4502-90E5-0926176706DD}.Debug|Any CPU.ActiveCfg = Debug|Any CPU
		{BEA13121-11C1-4502-90E5-0926176706DD}.Debug|Any CPU.Build.0 = Debug|Any CPU
		{BEA13121-11C1-4502-90E5-0926176706DD}.Release|Any CPU.ActiveCfg = Release|Any CPU
		{BEA13121-11C1-4502-90E5-0926176706DD}.Release|Any CPU.Build.0 = Release|Any CPU
	EndGlobalSection
EndGlobal
